
Microsoft Visual Studio Solution File, Format Version 12.00
# Visual Studio Version 17
VisualStudioVersion = 17.11.35327.3
MinimumVisualStudioVersion = 10.0.40219.1
Project("{FAE04EC0-301F-11D3-BF4B-00C04F79EFBC}") = "Bai2_TuLam_C7", "Bai2_TuLam_C7\Bai2_TuLam_C7.csproj", "{516FDE35-F710-4C05-B6E8-282E8D88D651}"
EndProject
Global
	GlobalSection(SolutionConfigurationPlatforms) = preSolution
		Debug|Any CPU = Debug|Any CPU
		Release|Any CPU = Release|Any CPU
	EndGlobalSection
	GlobalSection(ProjectConfigurationPlatforms) = postSolution
		{516FDE35-F710-4C05-B6E8-282E8D88D651}.Debug|Any CPU.ActiveCfg = Debug|Any CPU
		{516FDE35-F710-4C05-B6E8-282E8D88D651}.Debug|Any CPU.Build.0 = Debug|Any CPU
		{516FDE35-F710-4C05-B6E8-282E8D88D651}.Release|Any CPU.ActiveCfg = Release|Any CPU
		{516FDE35-F710-4C05-B6E8-282E8D88D651}.Release|Any CPU.Build.0 = Release|Any CPU
	EndGlobalSection
	GlobalSection(SolutionProperties) = preSolution
		HideSolutionNode = FALSE
	EndGlobalSection
	GlobalSection(ExtensibilityGlobals) = postSolution
		SolutionGuid = {280C79EA-DCD2-4285-99A4-1F8295FD1ABD}
	EndGlobalSection
EndGlobal
